
Microsoft Visual Studio Solution File, Format Version 12.00
# Visual Studio 15
VisualStudioVersion = 15.0.28307.168
MinimumVisualStudioVersion = 10.0.40219.1
Project("{FAE04EC0-301F-11D3-BF4B-00C04F79EFBC}") = "as", "as\as.csproj", "{53986915-64C0-40E1-AB75-726C5F3ABDF2}"
EndProject
Global
	GlobalSection(SolutionConfigurationPlatforms) = preSolution
		Debug|Any CPU = Debug|Any CPU
		Release|Any CPU = Release|Any CPU
	EndGlobalSection
	GlobalSection(ProjectConfigurationPlatforms) = postSolution
		{53986915-64C0-40E1-AB75-726C5F3ABDF2}.Debug|Any CPU.ActiveCfg = Debug|Any CPU
		{53986915-64C0-40E1-AB75-726C5F3ABDF2}.Debug|Any CPU.Build.0 = Debug|Any CPU
		{53986915-64C0-40E1-AB75-726C5F3ABDF2}.Release|Any CPU.ActiveCfg = Release|Any CPU
		{53986915-64C0-40E1-AB75-726C5F3ABDF2}.Release|Any CPU.Build.0 = Release|Any CPU
	EndGlobalSection
	GlobalSection(SolutionProperties) = preSolution
		HideSolutionNode = FALSE
	EndGlobalSection
	GlobalSection(ExtensibilityGlobals) = postSolution
		SolutionGuid = {CFA2A7E1-44DD-4496-A3D2-9E233E9A21D5}
	EndGlobalSection
EndGlobal
