
Microsoft Visual Studio Solution File, Format Version 12.00
# Visual Studio 15
VisualStudioVersion = 15.0.28307.168
MinimumVisualStudioVersion = 10.0.40219.1
Project("{FAE04EC0-301F-11D3-BF4B-00C04F79EFBC}") = "switch", "switch\switch.csproj", "{6445C6D4-8686-476E-AFF6-2FAF5C62991C}"
EndProject
Global
	GlobalSection(SolutionConfigurationPlatforms) = preSolution
		Debug|Any CPU = Debug|Any CPU
		Release|Any CPU = Release|Any CPU
	EndGlobalSection
	GlobalSection(ProjectConfigurationPlatforms) = postSolution
		{6445C6D4-8686-476E-AFF6-2FAF5C62991C}.Debug|Any CPU.ActiveCfg = Debug|Any CPU
		{6445C6D4-8686-476E-AFF6-2FAF5C62991C}.Debug|Any CPU.Build.0 = Debug|Any CPU
		{6445C6D4-8686-476E-AFF6-2FAF5C62991C}.Release|Any CPU.ActiveCfg = Release|Any CPU
		{6445C6D4-8686-476E-AFF6-2FAF5C62991C}.Release|Any CPU.Build.0 = Release|Any CPU
	EndGlobalSection
	GlobalSection(SolutionProperties) = preSolution
		HideSolutionNode = FALSE
	EndGlobalSection
	GlobalSection(ExtensibilityGlobals) = postSolution
		SolutionGuid = {2D0FCBB9-905E-41F0-AC2E-55990CD064A5}
	EndGlobalSection
EndGlobal
