
Microsoft Visual Studio Solution File, Format Version 12.00
# Visual Studio 15
VisualStudioVersion = 15.0.28307.168
MinimumVisualStudioVersion = 10.0.40219.1
Project("{FAE04EC0-301F-11D3-BF4B-00C04F79EFBC}") = "foreach", "foreach\foreach.csproj", "{36A35C5A-31CC-4C2C-AE7A-D6004AE316DA}"
EndProject
Global
	GlobalSection(SolutionConfigurationPlatforms) = preSolution
		Debug|Any CPU = Debug|Any CPU
		Release|Any CPU = Release|Any CPU
	EndGlobalSection
	GlobalSection(ProjectConfigurationPlatforms) = postSolution
		{36A35C5A-31CC-4C2C-AE7A-D6004AE316DA}.Debug|Any CPU.ActiveCfg = Debug|Any CPU
		{36A35C5A-31CC-4C2C-AE7A-D6004AE316DA}.Debug|Any CPU.Build.0 = Debug|Any CPU
		{36A35C5A-31CC-4C2C-AE7A-D6004AE316DA}.Release|Any CPU.ActiveCfg = Release|Any CPU
		{36A35C5A-31CC-4C2C-AE7A-D6004AE316DA}.Release|Any CPU.Build.0 = Release|Any CPU
	EndGlobalSection
	GlobalSection(SolutionProperties) = preSolution
		HideSolutionNode = FALSE
	EndGlobalSection
	GlobalSection(ExtensibilityGlobals) = postSolution
		SolutionGuid = {5BE1FB27-0989-4034-8647-CDBC2D03AAC2}
	EndGlobalSection
EndGlobal
