
Microsoft Visual Studio Solution File, Format Version 12.00
# Visual Studio 15
VisualStudioVersion = 15.0.28307.168
MinimumVisualStudioVersion = 10.0.40219.1
Project("{FAE04EC0-301F-11D3-BF4B-00C04F79EFBC}") = "checked", "checked\checked.csproj", "{60377EEC-2699-4FD5-A323-31482BF6A5EC}"
EndProject
Global
	GlobalSection(SolutionConfigurationPlatforms) = preSolution
		Debug|Any CPU = Debug|Any CPU
		Release|Any CPU = Release|Any CPU
	EndGlobalSection
	GlobalSection(ProjectConfigurationPlatforms) = postSolution
		{60377EEC-2699-4FD5-A323-31482BF6A5EC}.Debug|Any CPU.ActiveCfg = Debug|Any CPU
		{60377EEC-2699-4FD5-A323-31482BF6A5EC}.Debug|Any CPU.Build.0 = Debug|Any CPU
		{60377EEC-2699-4FD5-A323-31482BF6A5EC}.Release|Any CPU.ActiveCfg = Release|Any CPU
		{60377EEC-2699-4FD5-A323-31482BF6A5EC}.Release|Any CPU.Build.0 = Release|Any CPU
	EndGlobalSection
	GlobalSection(SolutionProperties) = preSolution
		HideSolutionNode = FALSE
	EndGlobalSection
	GlobalSection(ExtensibilityGlobals) = postSolution
		SolutionGuid = {AFE9F798-6719-4923-AE63-1DB99482752F}
	EndGlobalSection
EndGlobal
