
Microsoft Visual Studio Solution File, Format Version 12.00
# Visual Studio 15
VisualStudioVersion = 15.0.28307.168
MinimumVisualStudioVersion = 10.0.40219.1
Project("{FAE04EC0-301F-11D3-BF4B-00C04F79EFBC}") = "ushort", "ushort\ushort.csproj", "{EA8DCF76-45C9-48B2-8A8B-4900B4342543}"
EndProject
Global
	GlobalSection(SolutionConfigurationPlatforms) = preSolution
		Debug|Any CPU = Debug|Any CPU
		Release|Any CPU = Release|Any CPU
	EndGlobalSection
	GlobalSection(ProjectConfigurationPlatforms) = postSolution
		{EA8DCF76-45C9-48B2-8A8B-4900B4342543}.Debug|Any CPU.ActiveCfg = Debug|Any CPU
		{EA8DCF76-45C9-48B2-8A8B-4900B4342543}.Debug|Any CPU.Build.0 = Debug|Any CPU
		{EA8DCF76-45C9-48B2-8A8B-4900B4342543}.Release|Any CPU.ActiveCfg = Release|Any CPU
		{EA8DCF76-45C9-48B2-8A8B-4900B4342543}.Release|Any CPU.Build.0 = Release|Any CPU
	EndGlobalSection
	GlobalSection(SolutionProperties) = preSolution
		HideSolutionNode = FALSE
	EndGlobalSection
	GlobalSection(ExtensibilityGlobals) = postSolution
		SolutionGuid = {D107F045-3A9A-4BE4-8727-4E33E21AF246}
	EndGlobalSection
EndGlobal
