
Microsoft Visual Studio Solution File, Format Version 12.00
# Visual Studio 15
VisualStudioVersion = 15.0.28307.168
MinimumVisualStudioVersion = 10.0.40219.1
Project("{FAE04EC0-301F-11D3-BF4B-00C04F79EFBC}") = "is", "is\is.csproj", "{E1C63208-7102-46F2-A42B-2CF89059D334}"
EndProject
Global
	GlobalSection(SolutionConfigurationPlatforms) = preSolution
		Debug|Any CPU = Debug|Any CPU
		Release|Any CPU = Release|Any CPU
	EndGlobalSection
	GlobalSection(ProjectConfigurationPlatforms) = postSolution
		{E1C63208-7102-46F2-A42B-2CF89059D334}.Debug|Any CPU.ActiveCfg = Debug|Any CPU
		{E1C63208-7102-46F2-A42B-2CF89059D334}.Debug|Any CPU.Build.0 = Debug|Any CPU
		{E1C63208-7102-46F2-A42B-2CF89059D334}.Release|Any CPU.ActiveCfg = Release|Any CPU
		{E1C63208-7102-46F2-A42B-2CF89059D334}.Release|Any CPU.Build.0 = Release|Any CPU
	EndGlobalSection
	GlobalSection(SolutionProperties) = preSolution
		HideSolutionNode = FALSE
	EndGlobalSection
	GlobalSection(ExtensibilityGlobals) = postSolution
		SolutionGuid = {54CC6A77-DA23-4B2F-930C-72E12F0624A3}
	EndGlobalSection
EndGlobal
