
Microsoft Visual Studio Solution File, Format Version 12.00
# Visual Studio 15
VisualStudioVersion = 15.0.28307.168
MinimumVisualStudioVersion = 10.0.40219.1
Project("{FAE04EC0-301F-11D3-BF4B-00C04F79EFBC}") = "else", "else\else.csproj", "{C8AC229A-BD12-4A04-9BB5-67E98C3DE1DA}"
EndProject
Global
	GlobalSection(SolutionConfigurationPlatforms) = preSolution
		Debug|Any CPU = Debug|Any CPU
		Release|Any CPU = Release|Any CPU
	EndGlobalSection
	GlobalSection(ProjectConfigurationPlatforms) = postSolution
		{C8AC229A-BD12-4A04-9BB5-67E98C3DE1DA}.Debug|Any CPU.ActiveCfg = Debug|Any CPU
		{C8AC229A-BD12-4A04-9BB5-67E98C3DE1DA}.Debug|Any CPU.Build.0 = Debug|Any CPU
		{C8AC229A-BD12-4A04-9BB5-67E98C3DE1DA}.Release|Any CPU.ActiveCfg = Release|Any CPU
		{C8AC229A-BD12-4A04-9BB5-67E98C3DE1DA}.Release|Any CPU.Build.0 = Release|Any CPU
	EndGlobalSection
	GlobalSection(SolutionProperties) = preSolution
		HideSolutionNode = FALSE
	EndGlobalSection
	GlobalSection(ExtensibilityGlobals) = postSolution
		SolutionGuid = {6798EE0E-F4E6-4BAA-8483-19B52348ADB6}
	EndGlobalSection
EndGlobal
