
Microsoft Visual Studio Solution File, Format Version 12.00
# Visual Studio 15
VisualStudioVersion = 15.0.28307.168
MinimumVisualStudioVersion = 10.0.40219.1
Project("{FAE04EC0-301F-11D3-BF4B-00C04F79EFBC}") = "int", "int\int.csproj", "{01F46DCA-A465-44E6-8D17-F0E0E7E8AFA4}"
EndProject
Global
	GlobalSection(SolutionConfigurationPlatforms) = preSolution
		Debug|Any CPU = Debug|Any CPU
		Release|Any CPU = Release|Any CPU
	EndGlobalSection
	GlobalSection(ProjectConfigurationPlatforms) = postSolution
		{01F46DCA-A465-44E6-8D17-F0E0E7E8AFA4}.Debug|Any CPU.ActiveCfg = Debug|Any CPU
		{01F46DCA-A465-44E6-8D17-F0E0E7E8AFA4}.Debug|Any CPU.Build.0 = Debug|Any CPU
		{01F46DCA-A465-44E6-8D17-F0E0E7E8AFA4}.Release|Any CPU.ActiveCfg = Release|Any CPU
		{01F46DCA-A465-44E6-8D17-F0E0E7E8AFA4}.Release|Any CPU.Build.0 = Release|Any CPU
	EndGlobalSection
	GlobalSection(SolutionProperties) = preSolution
		HideSolutionNode = FALSE
	EndGlobalSection
	GlobalSection(ExtensibilityGlobals) = postSolution
		SolutionGuid = {CFDC09F0-61BA-499A-95AC-BB40DD13F3AC}
	EndGlobalSection
EndGlobal
