
Microsoft Visual Studio Solution File, Format Version 12.00
# Visual Studio 15
VisualStudioVersion = 15.0.28307.168
MinimumVisualStudioVersion = 10.0.40219.1
Project("{FAE04EC0-301F-11D3-BF4B-00C04F79EFBC}") = "await", "await\await.csproj", "{B25B510C-5C82-4BC2-A8A1-7A2E0A324F17}"
EndProject
Global
	GlobalSection(SolutionConfigurationPlatforms) = preSolution
		Debug|Any CPU = Debug|Any CPU
		Release|Any CPU = Release|Any CPU
	EndGlobalSection
	GlobalSection(ProjectConfigurationPlatforms) = postSolution
		{B25B510C-5C82-4BC2-A8A1-7A2E0A324F17}.Debug|Any CPU.ActiveCfg = Debug|Any CPU
		{B25B510C-5C82-4BC2-A8A1-7A2E0A324F17}.Debug|Any CPU.Build.0 = Debug|Any CPU
		{B25B510C-5C82-4BC2-A8A1-7A2E0A324F17}.Release|Any CPU.ActiveCfg = Release|Any CPU
		{B25B510C-5C82-4BC2-A8A1-7A2E0A324F17}.Release|Any CPU.Build.0 = Release|Any CPU
	EndGlobalSection
	GlobalSection(SolutionProperties) = preSolution
		HideSolutionNode = FALSE
	EndGlobalSection
	GlobalSection(ExtensibilityGlobals) = postSolution
		SolutionGuid = {4EE4B025-C1F9-41E6-9D86-C0FD2BA29591}
	EndGlobalSection
EndGlobal
