
Microsoft Visual Studio Solution File, Format Version 12.00
# Visual Studio 15
VisualStudioVersion = 15.0.28307.168
MinimumVisualStudioVersion = 10.0.40219.1
Project("{FAE04EC0-301F-11D3-BF4B-00C04F79EFBC}") = "void", "void\void.csproj", "{7DA992F6-FF7A-4CA7-B15C-08A5162CC1C3}"
EndProject
Global
	GlobalSection(SolutionConfigurationPlatforms) = preSolution
		Debug|Any CPU = Debug|Any CPU
		Release|Any CPU = Release|Any CPU
	EndGlobalSection
	GlobalSection(ProjectConfigurationPlatforms) = postSolution
		{7DA992F6-FF7A-4CA7-B15C-08A5162CC1C3}.Debug|Any CPU.ActiveCfg = Debug|Any CPU
		{7DA992F6-FF7A-4CA7-B15C-08A5162CC1C3}.Debug|Any CPU.Build.0 = Debug|Any CPU
		{7DA992F6-FF7A-4CA7-B15C-08A5162CC1C3}.Release|Any CPU.ActiveCfg = Release|Any CPU
		{7DA992F6-FF7A-4CA7-B15C-08A5162CC1C3}.Release|Any CPU.Build.0 = Release|Any CPU
	EndGlobalSection
	GlobalSection(SolutionProperties) = preSolution
		HideSolutionNode = FALSE
	EndGlobalSection
	GlobalSection(ExtensibilityGlobals) = postSolution
		SolutionGuid = {085FA743-A162-4F3A-8EF3-9AD20859C8A6}
	EndGlobalSection
EndGlobal
