
Microsoft Visual Studio Solution File, Format Version 12.00
# Visual Studio 15
VisualStudioVersion = 15.0.28307.168
MinimumVisualStudioVersion = 10.0.40219.1
Project("{FAE04EC0-301F-11D3-BF4B-00C04F79EFBC}") = "select", "select\select.csproj", "{B2D48254-0609-46F5-9FA4-338433005EA2}"
EndProject
Global
	GlobalSection(SolutionConfigurationPlatforms) = preSolution
		Debug|Any CPU = Debug|Any CPU
		Release|Any CPU = Release|Any CPU
	EndGlobalSection
	GlobalSection(ProjectConfigurationPlatforms) = postSolution
		{B2D48254-0609-46F5-9FA4-338433005EA2}.Debug|Any CPU.ActiveCfg = Debug|Any CPU
		{B2D48254-0609-46F5-9FA4-338433005EA2}.Debug|Any CPU.Build.0 = Debug|Any CPU
		{B2D48254-0609-46F5-9FA4-338433005EA2}.Release|Any CPU.ActiveCfg = Release|Any CPU
		{B2D48254-0609-46F5-9FA4-338433005EA2}.Release|Any CPU.Build.0 = Release|Any CPU
	EndGlobalSection
	GlobalSection(SolutionProperties) = preSolution
		HideSolutionNode = FALSE
	EndGlobalSection
	GlobalSection(ExtensibilityGlobals) = postSolution
		SolutionGuid = {955AC5E1-EFB5-412E-9626-B33573DA0CFF}
	EndGlobalSection
EndGlobal
