
Microsoft Visual Studio Solution File, Format Version 12.00
# Visual Studio 15
VisualStudioVersion = 15.0.28307.168
MinimumVisualStudioVersion = 10.0.40219.1
Project("{FAE04EC0-301F-11D3-BF4B-00C04F79EFBC}") = "continue", "continue\continue.csproj", "{60CF5DF5-8B1C-402A-BEEC-2392B4E88087}"
EndProject
Global
	GlobalSection(SolutionConfigurationPlatforms) = preSolution
		Debug|Any CPU = Debug|Any CPU
		Release|Any CPU = Release|Any CPU
	EndGlobalSection
	GlobalSection(ProjectConfigurationPlatforms) = postSolution
		{60CF5DF5-8B1C-402A-BEEC-2392B4E88087}.Debug|Any CPU.ActiveCfg = Debug|Any CPU
		{60CF5DF5-8B1C-402A-BEEC-2392B4E88087}.Debug|Any CPU.Build.0 = Debug|Any CPU
		{60CF5DF5-8B1C-402A-BEEC-2392B4E88087}.Release|Any CPU.ActiveCfg = Release|Any CPU
		{60CF5DF5-8B1C-402A-BEEC-2392B4E88087}.Release|Any CPU.Build.0 = Release|Any CPU
	EndGlobalSection
	GlobalSection(SolutionProperties) = preSolution
		HideSolutionNode = FALSE
	EndGlobalSection
	GlobalSection(ExtensibilityGlobals) = postSolution
		SolutionGuid = {CF52C0EB-9895-4A64-9176-F17B7D30681E}
	EndGlobalSection
EndGlobal
