
Microsoft Visual Studio Solution File, Format Version 12.00
# Visual Studio 15
VisualStudioVersion = 15.0.28307.168
MinimumVisualStudioVersion = 10.0.40219.1
Project("{FAE04EC0-301F-11D3-BF4B-00C04F79EFBC}") = "sizeof", "sizeof\sizeof.csproj", "{C7F0BE80-E840-4E02-BAFA-7BF45BFA2B63}"
EndProject
Global
	GlobalSection(SolutionConfigurationPlatforms) = preSolution
		Debug|Any CPU = Debug|Any CPU
		Release|Any CPU = Release|Any CPU
	EndGlobalSection
	GlobalSection(ProjectConfigurationPlatforms) = postSolution
		{C7F0BE80-E840-4E02-BAFA-7BF45BFA2B63}.Debug|Any CPU.ActiveCfg = Debug|Any CPU
		{C7F0BE80-E840-4E02-BAFA-7BF45BFA2B63}.Debug|Any CPU.Build.0 = Debug|Any CPU
		{C7F0BE80-E840-4E02-BAFA-7BF45BFA2B63}.Release|Any CPU.ActiveCfg = Release|Any CPU
		{C7F0BE80-E840-4E02-BAFA-7BF45BFA2B63}.Release|Any CPU.Build.0 = Release|Any CPU
	EndGlobalSection
	GlobalSection(SolutionProperties) = preSolution
		HideSolutionNode = FALSE
	EndGlobalSection
	GlobalSection(ExtensibilityGlobals) = postSolution
		SolutionGuid = {33272B95-2AEC-4B9F-BF10-C30F43DB2A02}
	EndGlobalSection
EndGlobal
