
Microsoft Visual Studio Solution File, Format Version 12.00
# Visual Studio 15
VisualStudioVersion = 15.0.28307.168
MinimumVisualStudioVersion = 10.0.40219.1
Project("{FAE04EC0-301F-11D3-BF4B-00C04F79EFBC}") = "typeof", "typeof\typeof.csproj", "{DA880205-30E1-4AEE-A85A-F65913C9D620}"
EndProject
Global
	GlobalSection(SolutionConfigurationPlatforms) = preSolution
		Debug|Any CPU = Debug|Any CPU
		Release|Any CPU = Release|Any CPU
	EndGlobalSection
	GlobalSection(ProjectConfigurationPlatforms) = postSolution
		{DA880205-30E1-4AEE-A85A-F65913C9D620}.Debug|Any CPU.ActiveCfg = Debug|Any CPU
		{DA880205-30E1-4AEE-A85A-F65913C9D620}.Debug|Any CPU.Build.0 = Debug|Any CPU
		{DA880205-30E1-4AEE-A85A-F65913C9D620}.Release|Any CPU.ActiveCfg = Release|Any CPU
		{DA880205-30E1-4AEE-A85A-F65913C9D620}.Release|Any CPU.Build.0 = Release|Any CPU
	EndGlobalSection
	GlobalSection(SolutionProperties) = preSolution
		HideSolutionNode = FALSE
	EndGlobalSection
	GlobalSection(ExtensibilityGlobals) = postSolution
		SolutionGuid = {7A0415C9-6016-45D2-B98E-ACA26D05668A}
	EndGlobalSection
EndGlobal
