
Microsoft Visual Studio Solution File, Format Version 12.00
# Visual Studio 15
VisualStudioVersion = 15.0.28307.168
MinimumVisualStudioVersion = 10.0.40219.1
Project("{FAE04EC0-301F-11D3-BF4B-00C04F79EFBC}") = "public", "public\public.csproj", "{AE5FFB2F-071C-41B8-88A6-9E5BBEFDC68A}"
EndProject
Global
	GlobalSection(SolutionConfigurationPlatforms) = preSolution
		Debug|Any CPU = Debug|Any CPU
		Release|Any CPU = Release|Any CPU
	EndGlobalSection
	GlobalSection(ProjectConfigurationPlatforms) = postSolution
		{AE5FFB2F-071C-41B8-88A6-9E5BBEFDC68A}.Debug|Any CPU.ActiveCfg = Debug|Any CPU
		{AE5FFB2F-071C-41B8-88A6-9E5BBEFDC68A}.Debug|Any CPU.Build.0 = Debug|Any CPU
		{AE5FFB2F-071C-41B8-88A6-9E5BBEFDC68A}.Release|Any CPU.ActiveCfg = Release|Any CPU
		{AE5FFB2F-071C-41B8-88A6-9E5BBEFDC68A}.Release|Any CPU.Build.0 = Release|Any CPU
	EndGlobalSection
	GlobalSection(SolutionProperties) = preSolution
		HideSolutionNode = FALSE
	EndGlobalSection
	GlobalSection(ExtensibilityGlobals) = postSolution
		SolutionGuid = {A373A89F-4DEC-45E5-821F-BB1CC903BD38}
	EndGlobalSection
EndGlobal
