
Microsoft Visual Studio Solution File, Format Version 12.00
# Visual Studio 15
VisualStudioVersion = 15.0.28307.168
MinimumVisualStudioVersion = 10.0.40219.1
Project("{FAE04EC0-301F-11D3-BF4B-00C04F79EFBC}") = "get", "get\get.csproj", "{4F7A49B5-7A45-4BA6-B79F-E25835EF971A}"
EndProject
Global
	GlobalSection(SolutionConfigurationPlatforms) = preSolution
		Debug|Any CPU = Debug|Any CPU
		Release|Any CPU = Release|Any CPU
	EndGlobalSection
	GlobalSection(ProjectConfigurationPlatforms) = postSolution
		{4F7A49B5-7A45-4BA6-B79F-E25835EF971A}.Debug|Any CPU.ActiveCfg = Debug|Any CPU
		{4F7A49B5-7A45-4BA6-B79F-E25835EF971A}.Debug|Any CPU.Build.0 = Debug|Any CPU
		{4F7A49B5-7A45-4BA6-B79F-E25835EF971A}.Release|Any CPU.ActiveCfg = Release|Any CPU
		{4F7A49B5-7A45-4BA6-B79F-E25835EF971A}.Release|Any CPU.Build.0 = Release|Any CPU
	EndGlobalSection
	GlobalSection(SolutionProperties) = preSolution
		HideSolutionNode = FALSE
	EndGlobalSection
	GlobalSection(ExtensibilityGlobals) = postSolution
		SolutionGuid = {BC2F226C-FF8E-458D-A964-8A0F4ADEB157}
	EndGlobalSection
EndGlobal
