
Microsoft Visual Studio Solution File, Format Version 12.00
# Visual Studio 15
VisualStudioVersion = 15.0.28307.168
MinimumVisualStudioVersion = 10.0.40219.1
Project("{FAE04EC0-301F-11D3-BF4B-00C04F79EFBC}") = "address", "address\address.csproj", "{DC7FA1E2-EEAA-4A3D-A6B0-D0C226C7B683}"
EndProject
Global
	GlobalSection(SolutionConfigurationPlatforms) = preSolution
		Debug|Any CPU = Debug|Any CPU
		Release|Any CPU = Release|Any CPU
	EndGlobalSection
	GlobalSection(ProjectConfigurationPlatforms) = postSolution
		{DC7FA1E2-EEAA-4A3D-A6B0-D0C226C7B683}.Debug|Any CPU.ActiveCfg = Debug|Any CPU
		{DC7FA1E2-EEAA-4A3D-A6B0-D0C226C7B683}.Debug|Any CPU.Build.0 = Debug|Any CPU
		{DC7FA1E2-EEAA-4A3D-A6B0-D0C226C7B683}.Release|Any CPU.ActiveCfg = Release|Any CPU
		{DC7FA1E2-EEAA-4A3D-A6B0-D0C226C7B683}.Release|Any CPU.Build.0 = Release|Any CPU
	EndGlobalSection
	GlobalSection(SolutionProperties) = preSolution
		HideSolutionNode = FALSE
	EndGlobalSection
	GlobalSection(ExtensibilityGlobals) = postSolution
		SolutionGuid = {5630B6B9-6A05-4B66-8A4D-0164189BEF97}
	EndGlobalSection
EndGlobal
