
Microsoft Visual Studio Solution File, Format Version 12.00
# Visual Studio 15
VisualStudioVersion = 15.0.28307.168
MinimumVisualStudioVersion = 10.0.40219.1
Project("{FAE04EC0-301F-11D3-BF4B-00C04F79EFBC}") = "add", "add\add.csproj", "{7A3D7C63-42FE-41E0-BC8E-6E4A61391571}"
EndProject
Global
	GlobalSection(SolutionConfigurationPlatforms) = preSolution
		Debug|Any CPU = Debug|Any CPU
		Release|Any CPU = Release|Any CPU
	EndGlobalSection
	GlobalSection(ProjectConfigurationPlatforms) = postSolution
		{7A3D7C63-42FE-41E0-BC8E-6E4A61391571}.Debug|Any CPU.ActiveCfg = Debug|Any CPU
		{7A3D7C63-42FE-41E0-BC8E-6E4A61391571}.Debug|Any CPU.Build.0 = Debug|Any CPU
		{7A3D7C63-42FE-41E0-BC8E-6E4A61391571}.Release|Any CPU.ActiveCfg = Release|Any CPU
		{7A3D7C63-42FE-41E0-BC8E-6E4A61391571}.Release|Any CPU.Build.0 = Release|Any CPU
	EndGlobalSection
	GlobalSection(SolutionProperties) = preSolution
		HideSolutionNode = FALSE
	EndGlobalSection
	GlobalSection(ExtensibilityGlobals) = postSolution
		SolutionGuid = {410EC715-B6BE-4CBD-9C60-60EFCE3C3289}
	EndGlobalSection
EndGlobal
