
Microsoft Visual Studio Solution File, Format Version 12.00
# Visual Studio 15
VisualStudioVersion = 15.0.28307.168
MinimumVisualStudioVersion = 10.0.40219.1
Project("{FAE04EC0-301F-11D3-BF4B-00C04F79EFBC}") = "struct", "struct\struct.csproj", "{9AF1D5F3-7E1D-42EB-A385-7CEFB08B29EE}"
EndProject
Global
	GlobalSection(SolutionConfigurationPlatforms) = preSolution
		Debug|Any CPU = Debug|Any CPU
		Release|Any CPU = Release|Any CPU
	EndGlobalSection
	GlobalSection(ProjectConfigurationPlatforms) = postSolution
		{9AF1D5F3-7E1D-42EB-A385-7CEFB08B29EE}.Debug|Any CPU.ActiveCfg = Debug|Any CPU
		{9AF1D5F3-7E1D-42EB-A385-7CEFB08B29EE}.Debug|Any CPU.Build.0 = Debug|Any CPU
		{9AF1D5F3-7E1D-42EB-A385-7CEFB08B29EE}.Release|Any CPU.ActiveCfg = Release|Any CPU
		{9AF1D5F3-7E1D-42EB-A385-7CEFB08B29EE}.Release|Any CPU.Build.0 = Release|Any CPU
	EndGlobalSection
	GlobalSection(SolutionProperties) = preSolution
		HideSolutionNode = FALSE
	EndGlobalSection
	GlobalSection(ExtensibilityGlobals) = postSolution
		SolutionGuid = {EB4DE51F-3DE8-439C-92D4-FDA14048565E}
	EndGlobalSection
EndGlobal
